
Microsoft Visual Studio Solution File, Format Version 12.00
# Visual Studio Version 16
VisualStudioVersion = 16.0.30204.135
MinimumVisualStudioVersion = 10.0.40219.1
Project("{FAE04EC0-301F-11D3-BF4B-00C04F79EFBC}") = "dded", "dded.csproj", "{32EA5BF7-6132-4A4D-ACD2-8A2EEBFD682F}"
EndProject
Global
	GlobalSection(SolutionConfigurationPlatforms) = preSolution
		Debug|Any CPU = Debug|Any CPU
		Release|Any CPU = Release|Any CPU
	EndGlobalSection
	GlobalSection(ProjectConfigurationPlatforms) = postSolution
		{32EA5BF7-6132-4A4D-ACD2-8A2EEBFD682F}.Debug|Any CPU.ActiveCfg = Debug|Any CPU
		{32EA5BF7-6132-4A4D-ACD2-8A2EEBFD682F}.Debug|Any CPU.Build.0 = Debug|Any CPU
		{32EA5BF7-6132-4A4D-ACD2-8A2EEBFD682F}.Release|Any CPU.ActiveCfg = Release|Any CPU
		{32EA5BF7-6132-4A4D-ACD2-8A2EEBFD682F}.Release|Any CPU.Build.0 = Release|Any CPU
	EndGlobalSection
	GlobalSection(SolutionProperties) = preSolution
		HideSolutionNode = FALSE
	EndGlobalSection
	GlobalSection(ExtensibilityGlobals) = postSolution
		SolutionGuid = {404694FD-25CC-411E-8353-2C032489EBD3}
	EndGlobalSection
EndGlobal
